
Microsoft Visual Studio Solution File, Format Version 12.00
# Visual Studio Version 16
VisualStudioVersion = 16.0.31005.135
MinimumVisualStudioVersion = 10.0.40219.1
Project("{9A19103F-16F7-4668-BE54-9A1E7A4F7556}") = "Proj5", "Proj5\Proj5.csproj", "{3D0600B8-2017-4E56-95E7-D258956277DE}"
EndProject
Project("{6EC3EE1D-3C4E-46DD-8F32-0CC8E7565705}") = "HW5P2Lib", "..\HW5P2Lib\HW5P2Lib\HW5P2Lib.fsproj", "{8BD8F39D-E4C2-48BF-9902-39AD891ACC82}"
EndProject
Global
	GlobalSection(SolutionConfigurationPlatforms) = preSolution
		Debug|Any CPU = Debug|Any CPU
		Release|Any CPU = Release|Any CPU
	EndGlobalSection
	GlobalSection(ProjectConfigurationPlatforms) = postSolution
		{3D0600B8-2017-4E56-95E7-D258956277DE}.Debug|Any CPU.ActiveCfg = Debug|Any CPU
		{3D0600B8-2017-4E56-95E7-D258956277DE}.Debug|Any CPU.Build.0 = Debug|Any CPU
		{3D0600B8-2017-4E56-95E7-D258956277DE}.Release|Any CPU.ActiveCfg = Release|Any CPU
		{3D0600B8-2017-4E56-95E7-D258956277DE}.Release|Any CPU.Build.0 = Release|Any CPU
		{8BD8F39D-E4C2-48BF-9902-39AD891ACC82}.Debug|Any CPU.ActiveCfg = Debug|Any CPU
		{8BD8F39D-E4C2-48BF-9902-39AD891ACC82}.Debug|Any CPU.Build.0 = Debug|Any CPU
		{8BD8F39D-E4C2-48BF-9902-39AD891ACC82}.Release|Any CPU.ActiveCfg = Release|Any CPU
		{8BD8F39D-E4C2-48BF-9902-39AD891ACC82}.Release|Any CPU.Build.0 = Release|Any CPU
	EndGlobalSection
	GlobalSection(SolutionProperties) = preSolution
		HideSolutionNode = FALSE
	EndGlobalSection
	GlobalSection(ExtensibilityGlobals) = postSolution
		SolutionGuid = {0468ADF7-7D57-4218-975C-D30035180169}
	EndGlobalSection
EndGlobal
